
Microsoft Visual Studio Solution File, Format Version 12.00
# Visual Studio Version 17
VisualStudioVersion = 17.12.35707.178 d17.12
MinimumVisualStudioVersion = 10.0.40219.1
Project("{FAE04EC0-301F-11D3-BF4B-00C04F79EFBC}") = "P01_StudentSystem", "Exercises-Entity Relations\P01_StudentSystem.csproj", "{FF8370A0-82C4-48E4-9765-FD259533358F}"
EndProject
Project("{FAE04EC0-301F-11D3-BF4B-00C04F79EFBC}") = "P01_StudentSystem.Data", "P01_StudentSystem.Data\P01_StudentSystem.Data.csproj", "{41ABC07D-92DA-41A3-9106-A0DA761B85D8}"
EndProject
Project("{FAE04EC0-301F-11D3-BF4B-00C04F79EFBC}") = "P01_StudentSystem.Data.Models", "P01_StudentSystem.Data.Models\P01_StudentSystem.Data.Models.csproj", "{16BAEDA5-4855-4C3D-8F59-290130F1B834}"
EndProject
Global
	GlobalSection(SolutionConfigurationPlatforms) = preSolution
		Debug|Any CPU = Debug|Any CPU
		Release|Any CPU = Release|Any CPU
	EndGlobalSection
	GlobalSection(ProjectConfigurationPlatforms) = postSolution
		{FF8370A0-82C4-48E4-9765-FD259533358F}.Debug|Any CPU.ActiveCfg = Debug|Any CPU
		{FF8370A0-82C4-48E4-9765-FD259533358F}.Debug|Any CPU.Build.0 = Debug|Any CPU
		{FF8370A0-82C4-48E4-9765-FD259533358F}.Release|Any CPU.ActiveCfg = Release|Any CPU
		{FF8370A0-82C4-48E4-9765-FD259533358F}.Release|Any CPU.Build.0 = Release|Any CPU
		{41ABC07D-92DA-41A3-9106-A0DA761B85D8}.Debug|Any CPU.ActiveCfg = Debug|Any CPU
		{41ABC07D-92DA-41A3-9106-A0DA761B85D8}.Debug|Any CPU.Build.0 = Debug|Any CPU
		{41ABC07D-92DA-41A3-9106-A0DA761B85D8}.Release|Any CPU.ActiveCfg = Release|Any CPU
		{41ABC07D-92DA-41A3-9106-A0DA761B85D8}.Release|Any CPU.Build.0 = Release|Any CPU
		{16BAEDA5-4855-4C3D-8F59-290130F1B834}.Debug|Any CPU.ActiveCfg = Debug|Any CPU
		{16BAEDA5-4855-4C3D-8F59-290130F1B834}.Debug|Any CPU.Build.0 = Debug|Any CPU
		{16BAEDA5-4855-4C3D-8F59-290130F1B834}.Release|Any CPU.ActiveCfg = Release|Any CPU
		{16BAEDA5-4855-4C3D-8F59-290130F1B834}.Release|Any CPU.Build.0 = Release|Any CPU
	EndGlobalSection
	GlobalSection(SolutionProperties) = preSolution
		HideSolutionNode = FALSE
	EndGlobalSection
EndGlobal
